
Microsoft Visual Studio Solution File, Format Version 12.00
# Visual Studio 14
VisualStudioVersion = 14.0.25420.1
MinimumVisualStudioVersion = 10.0.40219.1
Project("{FAE04EC0-301F-11D3-BF4B-00C04F79EFBC}") = "VFCNMiner", "CryptoNoteMiner\VFCNMiner.csproj", "{8047E257-DE3D-4C2A-8498-6FD586D7053D}"
EndProject
Project("{FAE04EC0-301F-11D3-BF4B-00C04F79EFBC}") = "VFMonero", "VFMonero\VFMonero.csproj", "{93E134BE-992D-432F-A547-CDCB3C9E3BAD}"
EndProject
Global
	GlobalSection(SolutionConfigurationPlatforms) = preSolution
		Debug|Any CPU = Debug|Any CPU
		Release|Any CPU = Release|Any CPU
	EndGlobalSection
	GlobalSection(ProjectConfigurationPlatforms) = postSolution
		{8047E257-DE3D-4C2A-8498-6FD586D7053D}.Debug|Any CPU.ActiveCfg = Debug|Any CPU
		{8047E257-DE3D-4C2A-8498-6FD586D7053D}.Debug|Any CPU.Build.0 = Debug|Any CPU
		{8047E257-DE3D-4C2A-8498-6FD586D7053D}.Release|Any CPU.ActiveCfg = Release|Any CPU
		{8047E257-DE3D-4C2A-8498-6FD586D7053D}.Release|Any CPU.Build.0 = Release|Any CPU
		{93E134BE-992D-432F-A547-CDCB3C9E3BAD}.Debug|Any CPU.ActiveCfg = Debug|Any CPU
		{93E134BE-992D-432F-A547-CDCB3C9E3BAD}.Debug|Any CPU.Build.0 = Debug|Any CPU
		{93E134BE-992D-432F-A547-CDCB3C9E3BAD}.Release|Any CPU.ActiveCfg = Release|Any CPU
		{93E134BE-992D-432F-A547-CDCB3C9E3BAD}.Release|Any CPU.Build.0 = Release|Any CPU
	EndGlobalSection
	GlobalSection(SolutionProperties) = preSolution
		HideSolutionNode = FALSE
	EndGlobalSection
EndGlobal
